// !$*UTF8*$!
{
	archiveVersion = 1;
	classes = {
	};
	objectVersion = 56;
	objects = {

/* Begin PBXBuildFile section */
		21B72E292CDBB62900100A40 /* CS193p_MemorizeApp.swift in Sources */ = {isa = PBXBuildFile; fileRef = 21B72E282CDBB62900100A40 /* CS193p_MemorizeApp.swift */; };
		21B72E2B2CDBB62900100A40 /* ContentView.swift in Sources */ = {isa = PBXBuildFile; fileRef = 21B72E2A2CDBB62900100A40 /* ContentView.swift */; };
		21B72E2D2CDBB62B00100A40 /* Assets.xcassets in Resources */ = {isa = PBXBuildFile; fileRef = 21B72E2C2CDBB62B00100A40 /* Assets.xcassets */; };
		21B72E302CDBB62B00100A40 /* Preview Assets.xcassets in Resources */ = {isa = PBXBuildFile; fileRef = 21B72E2F2CDBB62B00100A40 /* Preview Assets.xcassets */; };
		21B72E3A2CDBB62B00100A40 /* CS193p_MemorizeTests.swift in Sources */ = {isa = PBXBuildFile; fileRef = 21B72E392CDBB62B00100A40 /* CS193p_MemorizeTests.swift */; };
		21B72E442CDBB62B00100A40 /* CS193p_MemorizeUITests.swift in Sources */ = {isa = PBXBuildFile; fileRef = 21B72E432CDBB62B00100A40 /* CS193p_MemorizeUITests.swift */; };
		21B72E462CDBB62B00100A40 /* CS193p_MemorizeUITestsLaunchTests.swift in Sources */ = {isa = PBXBuildFile; fileRef = 21B72E452CDBB62B00100A40 /* CS193p_MemorizeUITestsLaunchTests.swift */; };
/* End PBXBuildFile section */

/* Begin PBXContainerItemProxy section */
		21B72E362CDBB62B00100A40 /* PBXContainerItemProxy */ = {
			isa = PBXContainerItemProxy;
			containerPortal = 21B72E1D2CDBB62900100A40 /* Project object */;
			proxyType = 1;
			remoteGlobalIDString = 21B72E242CDBB62900100A40;
			remoteInfo = CS193p_Memorize;
		};
		21B72E402CDBB62B00100A40 /* PBXContainerItemProxy */ = {
			isa = PBXContainerItemProxy;
			containerPortal = 21B72E1D2CDBB62900100A40 /* Project object */;
			proxyType = 1;
			remoteGlobalIDString = 21B72E242CDBB62900100A40;
			remoteInfo = CS193p_Memorize;
		};
/* End PBXContainerItemProxy section */

/* Begin PBXFileReference section */
		21B72E252CDBB62900100A40 /* CS193p_Memorize.app */ = {isa = PBXFileReference; explicitFileType = wrapper.application; includeInIndex = 0; path = CS193p_Memorize.app; sourceTree = BUILT_PRODUCTS_DIR; };
		21B72E282CDBB62900100A40 /* CS193p_MemorizeApp.swift */ = {isa = PBXFileReference; lastKnownFileType = sourcecode.swift; path = CS193p_MemorizeApp.swift; sourceTree = "<group>"; };
		21B72E2A2CDBB62900100A40 /* ContentView.swift */ = {isa = PBXFileReference; lastKnownFileType = sourcecode.swift; path = ContentView.swift; sourceTree = "<group>"; };
		21B72E2C2CDBB62B00100A40 /* Assets.xcassets */ = {isa = PBXFileReference; lastKnownFileType = folder.assetcatalog; path = Assets.xcassets; sourceTree = "<group>"; };
		21B72E2F2CDBB62B00100A40 /* Preview Assets.xcassets */ = {isa = PBXFileReference; lastKnownFileType = folder.assetcatalog; path = "Preview Assets.xcassets"; sourceTree = "<group>"; };
		21B72E352CDBB62B00100A40 /* CS193p_MemorizeTests.xctest */ = {isa = PBXFileReference; explicitFileType = wrapper.cfbundle; includeInIndex = 0; path = CS193p_MemorizeTests.xctest; sourceTree = BUILT_PRODUCTS_DIR; };
		21B72E392CDBB62B00100A40 /* CS193p_MemorizeTests.swift */ = {isa = PBXFileReference; lastKnownFileType = sourcecode.swift; path = CS193p_MemorizeTests.swift; sourceTree = "<group>"; };
		21B72E3F2CDBB62B00100A40 /* CS193p_MemorizeUITests.xctest */ = {isa = PBXFileReference; explicitFileType = wrapper.cfbundle; includeInIndex = 0; path = CS193p_MemorizeUITests.xctest; sourceTree = BUILT_PRODUCTS_DIR; };
		21B72E432CDBB62B00100A40 /* CS193p_MemorizeUITests.swift */ = {isa = PBXFileReference; lastKnownFileType = sourcecode.swift; path = CS193p_MemorizeUITests.swift; sourceTree = "<group>"; };
		21B72E452CDBB62B00100A40 /* CS193p_MemorizeUITestsLaunchTests.swift */ = {isa = PBXFileReference; lastKnownFileType = sourcecode.swift; path = CS193p_MemorizeUITestsLaunchTests.swift; sourceTree = "<group>"; };
/* End PBXFileReference section */

/* Begin PBXFrameworksBuildPhase section */
		21B72E222CDBB62900100A40 /* Frameworks */ = {
			isa = PBXFrameworksBuildPhase;
			buildActionMask = 2147483647;
			files = (
			);
			runOnlyForDeploymentPostprocessing = 0;
		};
		21B72E322CDBB62B00100A40 /* Frameworks */ = {
			isa = PBXFrameworksBuildPhase;
			buildActionMask = 2147483647;
			files = (
			);
			runOnlyForDeploymentPostprocessing = 0;
		};
		21B72E3C2CDBB62B00100A40 /* Frameworks */ = {
			isa = PBXFrameworksBuildPhase;
			buildActionMask = 2147483647;
			files = (
			);
			runOnlyForDeploymentPostprocessing = 0;
		};
/* End PBXFrameworksBuildPhase section */

/* Begin PBXGroup section */
		21B72E1C2CDBB62900100A40 = {
			isa = PBXGroup;
			children = (
				21B72E272CDBB62900100A40 /* CS193p_Memorize */,
				21B72E382CDBB62B00100A40 /* CS193p_MemorizeTests */,
				21B72E422CDBB62B00100A40 /* CS193p_MemorizeUITests */,
				21B72E262CDBB62900100A40 /* Products */,
			);
			sourceTree = "<group>";
		};
		21B72E262CDBB62900100A40 /* Products */ = {
			isa = PBXGroup;
			children = (
				21B72E252CDBB62900100A40 /* CS193p_Memorize.app */,
				21B72E352CDBB62B00100A40 /* CS193p_MemorizeTests.xctest */,
				21B72E3F2CDBB62B00100A40 /* CS193p_MemorizeUITests.xctest */,
			);
			name = Products;
			sourceTree = "<group>";
		};
		21B72E272CDBB62900100A40 /* CS193p_Memorize */ = {
			isa = PBXGroup;
			children = (
				21B72E282CDBB62900100A40 /* CS193p_MemorizeApp.swift */,
				21B72E2A2CDBB62900100A40 /* ContentView.swift */,
				21B72E2C2CDBB62B00100A40 /* Assets.xcassets */,
				21B72E2E2CDBB62B00100A40 /* Preview Content */,
			);
			path = CS193p_Memorize;
			sourceTree = "<group>";
		};
		21B72E2E2CDBB62B00100A40 /* Preview Content */ = {
			isa = PBXGroup;
			children = (
				21B72E2F2CDBB62B00100A40 /* Preview Assets.xcassets */,
			);
			path = "Preview Content";
			sourceTree = "<group>";
		};
		21B72E382CDBB62B00100A40 /* CS193p_MemorizeTests */ = {
			isa = PBXGroup;
			children = (
				21B72E392CDBB62B00100A40 /* CS193p_MemorizeTests.swift */,
			);
			path = CS193p_MemorizeTests;
			sourceTree = "<group>";
		};
		21B72E422CDBB62B00100A40 /* CS193p_MemorizeUITests */ = {
			isa = PBXGroup;
			children = (
				21B72E432CDBB62B00100A40 /* CS193p_MemorizeUITests.swift */,
				21B72E452CDBB62B00100A40 /* CS193p_MemorizeUITestsLaunchTests.swift */,
			);
			path = CS193p_MemorizeUITests;
			sourceTree = "<group>";
		};
/* End PBXGroup section */

/* Begin PBXNativeTarget section */
		21B72E242CDBB62900100A40 /* CS193p_Memorize */ = {
			isa = PBXNativeTarget;
			buildConfigurationList = 21B72E492CDBB62B00100A40 /* Build configuration list for PBXNativeTarget "CS193p_Memorize" */;
			buildPhases = (
				21B72E212CDBB62900100A40 /* Sources */,
				21B72E222CDBB62900100A40 /* Frameworks */,
				21B72E232CDBB62900100A40 /* Resources */,
			);
			buildRules = (
			);
			dependencies = (
			);
			name = CS193p_Memorize;
			productName = CS193p_Memorize;
			productReference = 21B72E252CDBB62900100A40 /* CS193p_Memorize.app */;
			productType = "com.apple.product-type.application";
		};
		21B72E342CDBB62B00100A40 /* CS193p_MemorizeTests */ = {
			isa = PBXNativeTarget;
			buildConfigurationList = 21B72E4C2CDBB62B00100A40 /* Build configuration list for PBXNativeTarget "CS193p_MemorizeTests" */;
			buildPhases = (
				21B72E312CDBB62B00100A40 /* Sources */,
				21B72E322CDBB62B00100A40 /* Frameworks */,
				21B72E332CDBB62B00100A40 /* Resources */,
			);
			buildRules = (
			);
			dependencies = (
				21B72E372CDBB62B00100A40 /* PBXTargetDependency */,
			);
			name = CS193p_MemorizeTests;
			productName = CS193p_MemorizeTests;
			productReference = 21B72E352CDBB62B00100A40 /* CS193p_MemorizeTests.xctest */;
			productType = "com.apple.product-type.bundle.unit-test";
		};
		21B72E3E2CDBB62B00100A40 /* CS193p_MemorizeUITests */ = {
			isa = PBXNativeTarget;
			buildConfigurationList = 21B72E4F2CDBB62B00100A40 /* Build configuration list for PBXNativeTarget "CS193p_MemorizeUITests" */;
			buildPhases = (
				21B72E3B2CDBB62B00100A40 /* Sources */,
				21B72E3C2CDBB62B00100A40 /* Frameworks */,
				21B72E3D2CDBB62B00100A40 /* Resources */,
			);
			buildRules = (
			);
			dependencies = (
				21B72E412CDBB62B00100A40 /* PBXTargetDependency */,
			);
			name = CS193p_MemorizeUITests;
			productName = CS193p_MemorizeUITests;
			productReference = 21B72E3F2CDBB62B00100A40 /* CS193p_MemorizeUITests.xctest */;
			productType = "com.apple.product-type.bundle.ui-testing";
		};
/* End PBXNativeTarget section */

/* Begin PBXProject section */
		21B72E1D2CDBB62900100A40 /* Project object */ = {
			isa = PBXProject;
			attributes = {
				BuildIndependentTargetsInParallel = 1;
				LastSwiftUpdateCheck = 1420;
				LastUpgradeCheck = 1420;
				TargetAttributes = {
					21B72E242CDBB62900100A40 = {
						CreatedOnToolsVersion = 14.2;
					};
					21B72E342CDBB62B00100A40 = {
						CreatedOnToolsVersion = 14.2;
						TestTargetID = 21B72E242CDBB62900100A40;
					};
					21B72E3E2CDBB62B00100A40 = {
						CreatedOnToolsVersion = 14.2;
						TestTargetID = 21B72E242CDBB62900100A40;
					};
				};
			};
			buildConfigurationList = 21B72E202CDBB62900100A40 /* Build configuration list for PBXProject "CS193p_Memorize" */;
			compatibilityVersion = "Xcode 14.0";
			developmentRegion = en;
			hasScannedForEncodings = 0;
			knownRegions = (
				en,
				Base,
			);
			mainGroup = 21B72E1C2CDBB62900100A40;
			productRefGroup = 21B72E262CDBB62900100A40 /* Products */;
			projectDirPath = "";
			projectRoot = "";
			targets = (
				21B72E242CDBB62900100A40 /* CS193p_Memorize */,
				21B72E342CDBB62B00100A40 /* CS193p_MemorizeTests */,
				21B72E3E2CDBB62B00100A40 /* CS193p_MemorizeUITests */,
			);
		};
/* End PBXProject section */

/* Begin PBXResourcesBuildPhase section */
		21B72E232CDBB62900100A40 /* Resources */ = {
			isa = PBXResourcesBuildPhase;
			buildActionMask = 2147483647;
			files = (
				21B72E302CDBB62B00100A40 /* Preview Assets.xcassets in Resources */,
				21B72E2D2CDBB62B00100A40 /* Assets.xcassets in Resources */,
			);
			runOnlyForDeploymentPostprocessing = 0;
		};
		21B72E332CDBB62B00100A40 /* Resources */ = {
			isa = PBXResourcesBuildPhase;
			buildActionMask = 2147483647;
			files = (
			);
			runOnlyForDeploymentPostprocessing = 0;
		};
		21B72E3D2CDBB62B00100A40 /* Resources */ = {
			isa = PBXResourcesBuildPhase;
			buildActionMask = 2147483647;
			files = (
			);
			runOnlyForDeploymentPostprocessing = 0;
		};
/* End PBXResourcesBuildPhase section */

/* Begin PBXSourcesBuildPhase section */
		21B72E212CDBB62900100A40 /* Sources */ = {
			isa = PBXSourcesBuildPhase;
			buildActionMask = 2147483647;
			files = (
				21B72E2B2CDBB62900100A40 /* ContentView.swift in Sources */,
				21B72E292CDBB62900100A40 /* CS193p_MemorizeApp.swift in Sources */,
			);
			runOnlyForDeploymentPostprocessing = 0;
		};
		21B72E312CDBB62B00100A40 /* Sources */ = {
			isa = PBXSourcesBuildPhase;
			buildActionMask = 2147483647;
			files = (
				21B72E3A2CDBB62B00100A40 /* CS193p_MemorizeTests.swift in Sources */,
			);
			runOnlyForDeploymentPostprocessing = 0;
		};
		21B72E3B2CDBB62B00100A40 /* Sources */ = {
			isa = PBXSourcesBuildPhase;
			buildActionMask = 2147483647;
			files = (
				21B72E442CDBB62B00100A40 /* CS193p_MemorizeUITests.swift in Sources */,
				21B72E462CDBB62B00100A40 /* CS193p_MemorizeUITestsLaunchTests.swift in Sources */,
			);
			runOnlyForDeploymentPostprocessing = 0;
		};
/* End PBXSourcesBuildPhase section */

/* Begin PBXTargetDependency section */
		21B72E372CDBB62B00100A40 /* PBXTargetDependency */ = {
			isa = PBXTargetDependency;
			target = 21B72E242CDBB62900100A40 /* CS193p_Memorize */;
			targetProxy = 21B72E362CDBB62B00100A40 /* PBXContainerItemProxy */;
		};
		21B72E412CDBB62B00100A40 /* PBXTargetDependency */ = {
			isa = PBXTargetDependency;
			target = 21B72E242CDBB62900100A40 /* CS193p_Memorize */;
			targetProxy = 21B72E402CDBB62B00100A40 /* PBXContainerItemProxy */;
		};
/* End PBXTargetDependency section */

/* Begin XCBuildConfiguration section */
		21B72E472CDBB62B00100A40 /* Debug */ = {
			isa = XCBuildConfiguration;
			buildSettings = {
				ALWAYS_SEARCH_USER_PATHS = NO;
				CLANG_ANALYZER_NONNULL = YES;
				CLANG_ANALYZER_NUMBER_OBJECT_CONVERSION = YES_AGGRESSIVE;
				CLANG_CXX_LANGUAGE_STANDARD = "gnu++20";
				CLANG_ENABLE_MODULES = YES;
				CLANG_ENABLE_OBJC_ARC = YES;
				CLANG_ENABLE_OBJC_WEAK = YES;
				CLANG_WARN_BLOCK_CAPTURE_AUTORELEASING = YES;
				CLANG_WARN_BOOL_CONVERSION = YES;
				CLANG_WARN_COMMA = YES;
				CLANG_WARN_CONSTANT_CONVERSION = YES;
				CLANG_WARN_DEPRECATED_OBJC_IMPLEMENTATIONS = YES;
				CLANG_WARN_DIRECT_OBJC_ISA_USAGE = YES_ERROR;
				CLANG_WARN_DOCUMENTATION_COMMENTS = YES;
				CLANG_WARN_EMPTY_BODY = YES;
				CLANG_WARN_ENUM_CONVERSION = YES;
				CLANG_WARN_INFINITE_RECURSION = YES;
				CLANG_WARN_INT_CONVERSION = YES;
				CLANG_WARN_NON_LITERAL_NULL_CONVERSION = YES;
				CLANG_WARN_OBJC_IMPLICIT_RETAIN_SELF = YES;
				CLANG_WARN_OBJC_LITERAL_CONVERSION = YES;
				CLANG_WARN_OBJC_ROOT_CLASS = YES_ERROR;
				CLANG_WARN_QUOTED_INCLUDE_IN_FRAMEWORK_HEADER = YES;
				CLANG_WARN_RANGE_LOOP_ANALYSIS = YES;
				CLANG_WARN_STRICT_PROTOTYPES = YES;
				CLANG_WARN_SUSPICIOUS_MOVE = YES;
				CLANG_WARN_UNGUARDED_AVAILABILITY = YES_AGGRESSIVE;
				CLANG_WARN_UNREACHABLE_CODE = YES;
				CLANG_WARN__DUPLICATE_METHOD_MATCH = YES;
				COPY_PHASE_STRIP = NO;
				DEBUG_INFORMATION_FORMAT = dwarf;
				ENABLE_STRICT_OBJC_MSGSEND = YES;
				ENABLE_TESTABILITY = YES;
				GCC_C_LANGUAGE_STANDARD = gnu11;
				GCC_DYNAMIC_NO_PIC = NO;
				GCC_NO_COMMON_BLOCKS = YES;
				GCC_OPTIMIZATION_LEVEL = 0;
				GCC_PREPROCESSOR_DEFINITIONS = (
					"DEBUG=1",
					"$(inherited)",
				);
				GCC_WARN_64_TO_32_BIT_CONVERSION = YES;
				GCC_WARN_ABOUT_RETURN_TYPE = YES_ERROR;
				GCC_WARN_UNDECLARED_SELECTOR = YES;
				GCC_WARN_UNINITIALIZED_AUTOS = YES_AGGRESSIVE;
				GCC_WARN_UNUSED_FUNCTION = YES;
				GCC_WARN_UNUSED_VARIABLE = YES;
				IPHONEOS_DEPLOYMENT_TARGET = 16.2;
				MTL_ENABLE_DEBUG_INFO = INCLUDE_SOURCE;
				MTL_FAST_MATH = YES;
				ONLY_ACTIVE_ARCH = YES;
				SDKROOT = iphoneos;
				SWIFT_ACTIVE_COMPILATION_CONDITIONS = DEBUG;
				SWIFT_OPTIMIZATION_LEVEL = "-Onone";
			};
			name = Debug;
		};
		21B72E482CDBB62B00100A40 /* Release */ = {
			isa = XCBuildConfiguration;
			buildSettings = {
				ALWAYS_SEARCH_USER_PATHS = NO;
				CLANG_ANALYZER_NONNULL = YES;
				CLANG_ANALYZER_NUMBER_OBJECT_CONVERSION = YES_AGGRESSIVE;
				CLANG_CXX_LANGUAGE_STANDARD = "gnu++20";
				CLANG_ENABLE_MODULES = YES;
				CLANG_ENABLE_OBJC_ARC = YES;
				CLANG_ENABLE_OBJC_WEAK = YES;
				CLANG_WARN_BLOCK_CAPTURE_AUTORELEASING = YES;
				CLANG_WARN_BOOL_CONVERSION = YES;
				CLANG_WARN_COMMA = YES;
				CLANG_WARN_CONSTANT_CONVERSION = YES;
				CLANG_WARN_DEPRECATED_OBJC_IMPLEMENTATIONS = YES;
				CLANG_WARN_DIRECT_OBJC_ISA_USAGE = YES_ERROR;
				CLANG_WARN_DOCUMENTATION_COMMENTS = YES;
				CLANG_WARN_EMPTY_BODY = YES;
				CLANG_WARN_ENUM_CONVERSION = YES;
				CLANG_WARN_INFINITE_RECURSION = YES;
				CLANG_WARN_INT_CONVERSION = YES;
				CLANG_WARN_NON_LITERAL_NULL_CONVERSION = YES;
				CLANG_WARN_OBJC_IMPLICIT_RETAIN_SELF = YES;
				CLANG_WARN_OBJC_LITERAL_CONVERSION = YES;
				CLANG_WARN_OBJC_ROOT_CLASS = YES_ERROR;
				CLANG_WARN_QUOTED_INCLUDE_IN_FRAMEWORK_HEADER = YES;
				CLANG_WARN_RANGE_LOOP_ANALYSIS = YES;
				CLANG_WARN_STRICT_PROTOTYPES = YES;
				CLANG_WARN_SUSPICIOUS_MOVE = YES;
				CLANG_WARN_UNGUARDED_AVAILABILITY = YES_AGGRESSIVE;
				CLANG_WARN_UNREACHABLE_CODE = YES;
				CLANG_WARN__DUPLICATE_METHOD_MATCH = YES;
				COPY_PHASE_STRIP = NO;
				DEBUG_INFORMATION_FORMAT = "dwarf-with-dsym";
				ENABLE_NS_ASSERTIONS = NO;
				ENABLE_STRICT_OBJC_MSGSEND = YES;
				GCC_C_LANGUAGE_STANDARD = gnu11;
				GCC_NO_COMMON_BLOCKS = YES;
				GCC_WARN_64_TO_32_BIT_CONVERSION = YES;
				GCC_WARN_ABOUT_RETURN_TYPE = YES_ERROR;
				GCC_WARN_UNDECLARED_SELECTOR = YES;
				GCC_WARN_UNINITIALIZED_AUTOS = YES_AGGRESSIVE;
				GCC_WARN_UNUSED_FUNCTION = YES;
				GCC_WARN_UNUSED_VARIABLE = YES;
				IPHONEOS_DEPLOYMENT_TARGET = 16.2;
				MTL_ENABLE_DEBUG_INFO = NO;
				MTL_FAST_MATH = YES;
				SDKROOT = iphoneos;
				SWIFT_COMPILATION_MODE = wholemodule;
				SWIFT_OPTIMIZATION_LEVEL = "-O";
				VALIDATE_PRODUCT = YES;
			};
			name = Release;
		};
		21B72E4A2CDBB62B00100A40 /* Debug */ = {
			isa = XCBuildConfiguration;
			buildSettings = {
				ASSETCATALOG_COMPILER_APPICON_NAME = AppIcon;
				ASSETCATALOG_COMPILER_GLOBAL_ACCENT_COLOR_NAME = AccentColor;
				CODE_SIGN_STYLE = Automatic;
				CURRENT_PROJECT_VERSION = 1;
				DEVELOPMENT_ASSET_PATHS = "\"CS193p_Memorize/Preview Content\"";
				DEVELOPMENT_TEAM = 4MXABWBGZY;
				ENABLE_PREVIEWS = YES;
				GENERATE_INFOPLIST_FILE = YES;
				INFOPLIST_KEY_UIApplicationSceneManifest_Generation = YES;
				INFOPLIST_KEY_UIApplicationSupportsIndirectInputEvents = YES;
				INFOPLIST_KEY_UILaunchScreen_Generation = YES;
				INFOPLIST_KEY_UISupportedInterfaceOrientations_iPad = "UIInterfaceOrientationPortrait UIInterfaceOrientationPortraitUpsideDown UIInterfaceOrientationLandscapeLeft UIInterfaceOrientationLandscapeRight";
				INFOPLIST_KEY_UISupportedInterfaceOrientations_iPhone = "UIInterfaceOrientationPortrait UIInterfaceOrientationLandscapeLeft UIInterfaceOrientationLandscapeRight";
				LD_RUNPATH_SEARCH_PATHS = (
					"$(inherited)",
					"@executable_path/Frameworks",
				);
				MARKETING_VERSION = 1.0;
				PRODUCT_BUNDLE_IDENTIFIER = "edu.stanford.cs193p.marra.CS193p-Memorize";
				PRODUCT_NAME = "$(TARGET_NAME)";
				SWIFT_EMIT_LOC_STRINGS = YES;
				SWIFT_VERSION = 5.0;
				TARGETED_DEVICE_FAMILY = "1,2";
			};
			name = Debug;
		};
		21B72E4B2CDBB62B00100A40 /* Release */ = {
			isa = XCBuildConfiguration;
			buildSettings = {
				ASSETCATALOG_COMPILER_APPICON_NAME = AppIcon;
				ASSETCATALOG_COMPILER_GLOBAL_ACCENT_COLOR_NAME = AccentColor;
				CODE_SIGN_STYLE = Automatic;
				CURRENT_PROJECT_VERSION = 1;
				DEVELOPMENT_ASSET_PATHS = "\"CS193p_Memorize/Preview Content\"";
				DEVELOPMENT_TEAM = 4MXABWBGZY;
				ENABLE_PREVIEWS = YES;
				GENERATE_INFOPLIST_FILE = YES;
				INFOPLIST_KEY_UIApplicationSceneManifest_Generation = YES;
				INFOPLIST_KEY_UIApplicationSupportsIndirectInputEvents = YES;
				INFOPLIST_KEY_UILaunchScreen_Generation = YES;
				INFOPLIST_KEY_UISupportedInterfaceOrientations_iPad = "UIInterfaceOrientationPortrait UIInterfaceOrientationPortraitUpsideDown UIInterfaceOrientationLandscapeLeft UIInterfaceOrientationLandscapeRight";
				INFOPLIST_KEY_UISupportedInterfaceOrientations_iPhone = "UIInterfaceOrientationPortrait UIInterfaceOrientationLandscapeLeft UIInterfaceOrientationLandscapeRight";
				LD_RUNPATH_SEARCH_PATHS = (
					"$(inherited)",
					"@executable_path/Frameworks",
				);
				MARKETING_VERSION = 1.0;
				PRODUCT_BUNDLE_IDENTIFIER = "edu.stanford.cs193p.marra.CS193p-Memorize";
				PRODUCT_NAME = "$(TARGET_NAME)";
				SWIFT_EMIT_LOC_STRINGS = YES;
				SWIFT_VERSION = 5.0;
				TARGETED_DEVICE_FAMILY = "1,2";
			};
			name = Release;
		};
		21B72E4D2CDBB62B00100A40 /* Debug */ = {
			isa = XCBuildConfiguration;
			buildSettings = {
				ALWAYS_EMBED_SWIFT_STANDARD_LIBRARIES = YES;
				BUNDLE_LOADER = "$(TEST_HOST)";
				CODE_SIGN_STYLE = Automatic;
				CURRENT_PROJECT_VERSION = 1;
				DEVELOPMENT_TEAM = 4MXABWBGZY;
				GENERATE_INFOPLIST_FILE = YES;
				IPHONEOS_DEPLOYMENT_TARGET = 16.2;
				MARKETING_VERSION = 1.0;
				PRODUCT_BUNDLE_IDENTIFIER = "edu.stanford.cs193p.marra.CS193p-MemorizeTests";
				PRODUCT_NAME = "$(TARGET_NAME)";
				SWIFT_EMIT_LOC_STRINGS = NO;
				SWIFT_VERSION = 5.0;
				TARGETED_DEVICE_FAMILY = "1,2";
				TEST_HOST = "$(BUILT_PRODUCTS_DIR)/CS193p_Memorize.app/$(BUNDLE_EXECUTABLE_FOLDER_PATH)/CS193p_Memorize";
			};
			name = Debug;
		};
		21B72E4E2CDBB62B00100A40 /* Release */ = {
			isa = XCBuildConfiguration;
			buildSettings = {
				ALWAYS_EMBED_SWIFT_STANDARD_LIBRARIES = YES;
				BUNDLE_LOADER = "$(TEST_HOST)";
				CODE_SIGN_STYLE = Automatic;
				CURRENT_PROJECT_VERSION = 1;
				DEVELOPMENT_TEAM = 4MXABWBGZY;
				GENERATE_INFOPLIST_FILE = YES;
				IPHONEOS_DEPLOYMENT_TARGET = 16.2;
				MARKETING_VERSION = 1.0;
				PRODUCT_BUNDLE_IDENTIFIER = "edu.stanford.cs193p.marra.CS193p-MemorizeTests";
				PRODUCT_NAME = "$(TARGET_NAME)";
				SWIFT_EMIT_LOC_STRINGS = NO;
				SWIFT_VERSION = 5.0;
				TARGETED_DEVICE_FAMILY = "1,2";
				TEST_HOST = "$(BUILT_PRODUCTS_DIR)/CS193p_Memorize.app/$(BUNDLE_EXECUTABLE_FOLDER_PATH)/CS193p_Memorize";
			};
			name = Release;
		};
		21B72E502CDBB62B00100A40 /* Debug */ = {
			isa = XCBuildConfiguration;
			buildSettings = {
				ALWAYS_EMBED_SWIFT_STANDARD_LIBRARIES = YES;
				CODE_SIGN_STYLE = Automatic;
				CURRENT_PROJECT_VERSION = 1;
				DEVELOPMENT_TEAM = 4MXABWBGZY;
				GENERATE_INFOPLIST_FILE = YES;
				MARKETING_VERSION = 1.0;
				PRODUCT_BUNDLE_IDENTIFIER = "edu.stanford.cs193p.marra.CS193p-MemorizeUITests";
				PRODUCT_NAME = "$(TARGET_NAME)";
				SWIFT_EMIT_LOC_STRINGS = NO;
				SWIFT_VERSION = 5.0;
				TARGETED_DEVICE_FAMILY = "1,2";
				TEST_TARGET_NAME = CS193p_Memorize;
			};
			name = Debug;
		};
		21B72E512CDBB62B00100A40 /* Release */ = {
			isa = XCBuildConfiguration;
			buildSettings = {
				ALWAYS_EMBED_SWIFT_STANDARD_LIBRARIES = YES;
				CODE_SIGN_STYLE = Automatic;
				CURRENT_PROJECT_VERSION = 1;
				DEVELOPMENT_TEAM = 4MXABWBGZY;
				GENERATE_INFOPLIST_FILE = YES;
				MARKETING_VERSION = 1.0;
				PRODUCT_BUNDLE_IDENTIFIER = "edu.stanford.cs193p.marra.CS193p-MemorizeUITests";
				PRODUCT_NAME = "$(TARGET_NAME)";
				SWIFT_EMIT_LOC_STRINGS = NO;
				SWIFT_VERSION = 5.0;
				TARGETED_DEVICE_FAMILY = "1,2";
				TEST_TARGET_NAME = CS193p_Memorize;
			};
			name = Release;
		};
/* End XCBuildConfiguration section */

/* Begin XCConfigurationList section */
		21B72E202CDBB62900100A40 /* Build configuration list for PBXProject "CS193p_Memorize" */ = {
			isa = XCConfigurationList;
			buildConfigurations = (
				21B72E472CDBB62B00100A40 /* Debug */,
				21B72E482CDBB62B00100A40 /* Release */,
			);
			defaultConfigurationIsVisible = 0;
			defaultConfigurationName = Release;
		};
		21B72E492CDBB62B00100A40 /* Build configuration list for PBXNativeTarget "CS193p_Memorize" */ = {
			isa = XCConfigurationList;
			buildConfigurations = (
				21B72E4A2CDBB62B00100A40 /* Debug */,
				21B72E4B2CDBB62B00100A40 /* Release */,
			);
			defaultConfigurationIsVisible = 0;
			defaultConfigurationName = Release;
		};
		21B72E4C2CDBB62B00100A40 /* Build configuration list for PBXNativeTarget "CS193p_MemorizeTests" */ = {
			isa = XCConfigurationList;
			buildConfigurations = (
				21B72E4D2CDBB62B00100A40 /* Debug */,
				21B72E4E2CDBB62B00100A40 /* Release */,
			);
			defaultConfigurationIsVisible = 0;
			defaultConfigurationName = Release;
		};
		21B72E4F2CDBB62B00100A40 /* Build configuration list for PBXNativeTarget "CS193p_MemorizeUITests" */ = {
			isa = XCConfigurationList;
			buildConfigurations = (
				21B72E502CDBB62B00100A40 /* Debug */,
				21B72E512CDBB62B00100A40 /* Release */,
			);
			defaultConfigurationIsVisible = 0;
			defaultConfigurationName = Release;
		};
/* End XCConfigurationList section */
	};
	rootObject = 21B72E1D2CDBB62900100A40 /* Project object */;
}
